
Microsoft Visual Studio Solution File, Format Version 12.00
# Visual Studio Version 17
VisualStudioVersion = 17.9.34902.65
MinimumVisualStudioVersion = 10.0.40219.1
Project("{FAE04EC0-301F-11D3-BF4B-00C04F79EFBC}") = "WebApplicationFish", "WebApplicationFish.csproj", "{6D43C0A2-D899-44D0-A5EA-CEEA5E6FD103}"
EndProject
Global
	GlobalSection(SolutionConfigurationPlatforms) = preSolution
		Debug|Any CPU = Debug|Any CPU
		Release|Any CPU = Release|Any CPU
	EndGlobalSection
	GlobalSection(ProjectConfigurationPlatforms) = postSolution
		{6D43C0A2-D899-44D0-A5EA-CEEA5E6FD103}.Debug|Any CPU.ActiveCfg = Debug|Any CPU
		{6D43C0A2-D899-44D0-A5EA-CEEA5E6FD103}.Debug|Any CPU.Build.0 = Debug|Any CPU
		{6D43C0A2-D899-44D0-A5EA-CEEA5E6FD103}.Release|Any CPU.ActiveCfg = Release|Any CPU
		{6D43C0A2-D899-44D0-A5EA-CEEA5E6FD103}.Release|Any CPU.Build.0 = Release|Any CPU
	EndGlobalSection
	GlobalSection(SolutionProperties) = preSolution
		HideSolutionNode = FALSE
	EndGlobalSection
	GlobalSection(ExtensibilityGlobals) = postSolution
		SolutionGuid = {A5415317-1B98-4C08-AF7F-BC0FCFFD8206}
	EndGlobalSection
EndGlobal
